# This file was autogenerated by Stack.
# You should not edit this file by hand.
# For more information, please see the documentation at:
#   https://docs.haskellstack.org/en/stable/lock_files

packages:
- completed:
    hackage: xxhash-0.0.2@sha256:ed6892fd5827a16bea1641619c586234b6aacd39d26b076a5bc6cf9dc6baacb9,1842
    pantry-tree:
      size: 570
      sha256: 022bde7ca7aaf3eff9b4543c6f5ed2826bae9d13721a32ca62ef353d84f2b798
  original:
    hackage: xxhash-0.0.2@sha256:ed6892fd5827a16bea1641619c586234b6aacd39d26b076a5bc6cf9dc6baacb9,1842
snapshots:
- completed:
    size: 563100
    url: https://raw.githubusercontent.com/commercialhaskell/stackage-snapshots/master/lts/17/0.yaml
    sha256: e93a85871577ea3423d5f3454b2b6bd37c2c2123c79faf511dfb64f5b49a9f8b
  original:
    url: https://raw.githubusercontent.com/commercialhaskell/stackage-snapshots/master/lts/17/0.yaml
